
Microsoft Visual Studio Solution File, Format Version 12.00
# Visual Studio Version 16
VisualStudioVersion = 16.0.30503.244
MinimumVisualStudioVersion = 10.0.40219.1
Project("{FAE04EC0-301F-11D3-BF4B-00C04F79EFBC}") = "eCommerce", "eCommerce\eCommerce.csproj", "{CC1FC75E-310C-4A7B-8840-29088CF39C06}"
EndProject
Global
	GlobalSection(SolutionConfigurationPlatforms) = preSolution
		Debug|Any CPU = Debug|Any CPU
		Release|Any CPU = Release|Any CPU
	EndGlobalSection
	GlobalSection(ProjectConfigurationPlatforms) = postSolution
		{CC1FC75E-310C-4A7B-8840-29088CF39C06}.Debug|Any CPU.ActiveCfg = Debug|Any CPU
		{CC1FC75E-310C-4A7B-8840-29088CF39C06}.Debug|Any CPU.Build.0 = Debug|Any CPU
		{CC1FC75E-310C-4A7B-8840-29088CF39C06}.Release|Any CPU.ActiveCfg = Release|Any CPU
		{CC1FC75E-310C-4A7B-8840-29088CF39C06}.Release|Any CPU.Build.0 = Release|Any CPU
	EndGlobalSection
	GlobalSection(SolutionProperties) = preSolution
		HideSolutionNode = FALSE
	EndGlobalSection
	GlobalSection(ExtensibilityGlobals) = postSolution
		SolutionGuid = {B4BF0C5F-612F-4061-B8BD-2AEFC69F9FBD}
	EndGlobalSection
EndGlobal
